
Microsoft Visual Studio Solution File, Format Version 12.00
# Visual Studio Version 17
VisualStudioVersion = 17.7.34031.279
MinimumVisualStudioVersion = 10.0.40219.1
Project("{8BC9CEB8-8B4A-11D0-8D11-00A0C91BC942}") = "Exo1", "Exo1\Exo1.vcxproj", "{55C968F9-23E1-406B-AFC2-7374576DCFC9}"
EndProject
Project("{8BC9CEB8-8B4A-11D0-8D11-00A0C91BC942}") = "Exo2", "Exo2\Exo2.vcxproj", "{7733C486-CB79-42C8-BCD1-B7B8807125A7}"
EndProject
Project("{8BC9CEB8-8B4A-11D0-8D11-00A0C91BC942}") = "Exo3", "Exo3\Exo3.vcxproj", "{793374BB-FC20-4356-9578-E570D2ECDDC5}"
EndProject
Project("{8BC9CEB8-8B4A-11D0-8D11-00A0C91BC942}") = "Bonus", "Bonus\Bonus.vcxproj", "{06972B7F-8F05-4179-A4C0-05A356D99CC3}"
EndProject
Project("{2150E333-8FDC-42A3-9474-1A3956D46DE8}") = "Sujet", "Sujet", "{FF6252AC-467B-4F95-9D73-0C93E7273142}"
	ProjectSection(SolutionItems) = preProject
		TP1.md = TP1.md
	EndProjectSection
EndProject
Global
	GlobalSection(SolutionConfigurationPlatforms) = preSolution
		Debug|x64 = Debug|x64
		Debug|x86 = Debug|x86
		Release|x64 = Release|x64
		Release|x86 = Release|x86
	EndGlobalSection
	GlobalSection(ProjectConfigurationPlatforms) = postSolution
		{55C968F9-23E1-406B-AFC2-7374576DCFC9}.Debug|x64.ActiveCfg = Debug|x64
		{55C968F9-23E1-406B-AFC2-7374576DCFC9}.Debug|x64.Build.0 = Debug|x64
		{55C968F9-23E1-406B-AFC2-7374576DCFC9}.Debug|x86.ActiveCfg = Debug|Win32
		{55C968F9-23E1-406B-AFC2-7374576DCFC9}.Debug|x86.Build.0 = Debug|Win32
		{55C968F9-23E1-406B-AFC2-7374576DCFC9}.Release|x64.ActiveCfg = Release|x64
		{55C968F9-23E1-406B-AFC2-7374576DCFC9}.Release|x64.Build.0 = Release|x64
		{55C968F9-23E1-406B-AFC2-7374576DCFC9}.Release|x86.ActiveCfg = Release|Win32
		{55C968F9-23E1-406B-AFC2-7374576DCFC9}.Release|x86.Build.0 = Release|Win32
		{7733C486-CB79-42C8-BCD1-B7B8807125A7}.Debug|x64.ActiveCfg = Debug|x64
		{7733C486-CB79-42C8-BCD1-B7B8807125A7}.Debug|x64.Build.0 = Debug|x64
		{7733C486-CB79-42C8-BCD1-B7B8807125A7}.Debug|x86.ActiveCfg = Debug|Win32
		{7733C486-CB79-42C8-BCD1-B7B8807125A7}.Debug|x86.Build.0 = Debug|Win32
		{7733C486-CB79-42C8-BCD1-B7B8807125A7}.Release|x64.ActiveCfg = Release|x64
		{7733C486-CB79-42C8-BCD1-B7B8807125A7}.Release|x64.Build.0 = Release|x64
		{7733C486-CB79-42C8-BCD1-B7B8807125A7}.Release|x86.ActiveCfg = Release|Win32
		{7733C486-CB79-42C8-BCD1-B7B8807125A7}.Release|x86.Build.0 = Release|Win32
		{793374BB-FC20-4356-9578-E570D2ECDDC5}.Debug|x64.ActiveCfg = Debug|x64
		{793374BB-FC20-4356-9578-E570D2ECDDC5}.Debug|x64.Build.0 = Debug|x64
		{793374BB-FC20-4356-9578-E570D2ECDDC5}.Debug|x86.ActiveCfg = Debug|Win32
		{793374BB-FC20-4356-9578-E570D2ECDDC5}.Debug|x86.Build.0 = Debug|Win32
		{793374BB-FC20-4356-9578-E570D2ECDDC5}.Release|x64.ActiveCfg = Release|x64
		{793374BB-FC20-4356-9578-E570D2ECDDC5}.Release|x64.Build.0 = Release|x64
		{793374BB-FC20-4356-9578-E570D2ECDDC5}.Release|x86.ActiveCfg = Release|Win32
		{793374BB-FC20-4356-9578-E570D2ECDDC5}.Release|x86.Build.0 = Release|Win32
		{06972B7F-8F05-4179-A4C0-05A356D99CC3}.Debug|x64.ActiveCfg = Debug|x64
		{06972B7F-8F05-4179-A4C0-05A356D99CC3}.Debug|x64.Build.0 = Debug|x64
		{06972B7F-8F05-4179-A4C0-05A356D99CC3}.Debug|x86.ActiveCfg = Debug|Win32
		{06972B7F-8F05-4179-A4C0-05A356D99CC3}.Debug|x86.Build.0 = Debug|Win32
		{06972B7F-8F05-4179-A4C0-05A356D99CC3}.Release|x64.ActiveCfg = Release|x64
		{06972B7F-8F05-4179-A4C0-05A356D99CC3}.Release|x64.Build.0 = Release|x64
		{06972B7F-8F05-4179-A4C0-05A356D99CC3}.Release|x86.ActiveCfg = Release|Win32
		{06972B7F-8F05-4179-A4C0-05A356D99CC3}.Release|x86.Build.0 = Release|Win32
	EndGlobalSection
	GlobalSection(SolutionProperties) = preSolution
		HideSolutionNode = FALSE
	EndGlobalSection
	GlobalSection(ExtensibilityGlobals) = postSolution
		SolutionGuid = {DDECCAB9-8AD3-4E48-B19C-88C58B25E95E}
	EndGlobalSection
EndGlobal
